
Microsoft Visual Studio Solution File, Format Version 12.00
# Visual Studio Version 17
VisualStudioVersion = 17.3.32819.101
MinimumVisualStudioVersion = 10.0.40219.1
Project("{FAE04EC0-301F-11D3-BF4B-00C04F79EFBC}") = "ArrayTutorial", "ArrayTutorial\ArrayTutorial.csproj", "{7FEC7A19-B1A5-4AB8-A99A-D0E2C2A49ED4}"
EndProject
Global
	GlobalSection(SolutionConfigurationPlatforms) = preSolution
		Debug|Any CPU = Debug|Any CPU
		Release|Any CPU = Release|Any CPU
	EndGlobalSection
	GlobalSection(ProjectConfigurationPlatforms) = postSolution
		{7FEC7A19-B1A5-4AB8-A99A-D0E2C2A49ED4}.Debug|Any CPU.ActiveCfg = Debug|Any CPU
		{7FEC7A19-B1A5-4AB8-A99A-D0E2C2A49ED4}.Debug|Any CPU.Build.0 = Debug|Any CPU
		{7FEC7A19-B1A5-4AB8-A99A-D0E2C2A49ED4}.Release|Any CPU.ActiveCfg = Release|Any CPU
		{7FEC7A19-B1A5-4AB8-A99A-D0E2C2A49ED4}.Release|Any CPU.Build.0 = Release|Any CPU
	EndGlobalSection
	GlobalSection(SolutionProperties) = preSolution
		HideSolutionNode = FALSE
	EndGlobalSection
	GlobalSection(ExtensibilityGlobals) = postSolution
		SolutionGuid = {DB7A59FD-A9C2-4419-8BEF-2102B395BF89}
	EndGlobalSection
EndGlobal
